
Microsoft Visual Studio Solution File, Format Version 12.00
# Visual Studio Version 17
VisualStudioVersion = 17.6.33815.320
MinimumVisualStudioVersion = 10.0.40219.1
Project("{9A19103F-16F7-4668-BE54-9A1E7A4F7556}") = "ChallengeCollector", "ChallengeCollector\ChallengeCollector.csproj", "{ED491A13-8AAB-4147-96BD-9F48906C61DF}"
EndProject
Project("{E53339B2-1760-4266-BCC7-CA923CBCF16C}") = "docker-compose", "docker-compose.dcproj", "{69B20EF5-3B24-475F-9B37-B99430EA2220}"
EndProject
Global
	GlobalSection(SolutionConfigurationPlatforms) = preSolution
		Debug|Any CPU = Debug|Any CPU
		Release|Any CPU = Release|Any CPU
	EndGlobalSection
	GlobalSection(ProjectConfigurationPlatforms) = postSolution
		{ED491A13-8AAB-4147-96BD-9F48906C61DF}.Debug|Any CPU.ActiveCfg = Debug|Any CPU
		{ED491A13-8AAB-4147-96BD-9F48906C61DF}.Debug|Any CPU.Build.0 = Debug|Any CPU
		{ED491A13-8AAB-4147-96BD-9F48906C61DF}.Release|Any CPU.ActiveCfg = Release|Any CPU
		{ED491A13-8AAB-4147-96BD-9F48906C61DF}.Release|Any CPU.Build.0 = Release|Any CPU
		{69B20EF5-3B24-475F-9B37-B99430EA2220}.Debug|Any CPU.ActiveCfg = Debug|Any CPU
		{69B20EF5-3B24-475F-9B37-B99430EA2220}.Debug|Any CPU.Build.0 = Debug|Any CPU
		{69B20EF5-3B24-475F-9B37-B99430EA2220}.Release|Any CPU.ActiveCfg = Release|Any CPU
		{69B20EF5-3B24-475F-9B37-B99430EA2220}.Release|Any CPU.Build.0 = Release|Any CPU
	EndGlobalSection
	GlobalSection(SolutionProperties) = preSolution
		HideSolutionNode = FALSE
	EndGlobalSection
	GlobalSection(ExtensibilityGlobals) = postSolution
		SolutionGuid = {A5A47592-2C03-48D4-82EC-0C5B77180D7C}
	EndGlobalSection
EndGlobal
